// !$*UTF8*$!
{
	archiveVersion = 1;
	classes = {
	};
	objectVersion = 50;
	objects = {

/* Begin PBXBuildFile section */
		2C4CA04A23B47CDF00686949 /* AppDelegate.swift in Sources */ = {isa = PBXBuildFile; fileRef = 2C4CA04923B47CDF00686949 /* AppDelegate.swift */; };
		2C4CA04C23B47CDF00686949 /* SceneDelegate.swift in Sources */ = {isa = PBXBuildFile; fileRef = 2C4CA04B23B47CDF00686949 /* SceneDelegate.swift */; };
		2C4CA04E23B47CDF00686949 /* ContentView.swift in Sources */ = {isa = PBXBuildFile; fileRef = 2C4CA04D23B47CDF00686949 /* ContentView.swift */; };
		2C4CA05023B47CE200686949 /* Assets.xcassets in Resources */ = {isa = PBXBuildFile; fileRef = 2C4CA04F23B47CE200686949 /* Assets.xcassets */; };
		2C4CA05323B47CE200686949 /* Preview Assets.xcassets in Resources */ = {isa = PBXBuildFile; fileRef = 2C4CA05223B47CE200686949 /* Preview Assets.xcassets */; };
		2C4CA05623B47CE200686949 /* LaunchScreen.storyboard in Resources */ = {isa = PBXBuildFile; fileRef = 2C4CA05423B47CE200686949 /* LaunchScreen.storyboard */; };
		2C4CA05E23B47CFE00686949 /* Data.swift in Sources */ = {isa = PBXBuildFile; fileRef = 2C4CA05D23B47CFE00686949 /* Data.swift */; };
		2C4CA06023B4841300686949 /* books.json in Resources */ = {isa = PBXBuildFile; fileRef = 2C4CA05F23B4841300686949 /* books.json */; };
/* End PBXBuildFile section */

/* Begin PBXFileReference section */
		2C4CA04623B47CDF00686949 /* BookDBApp.app */ = {isa = PBXFileReference; explicitFileType = wrapper.application; includeInIndex = 0; path = BookDBApp.app; sourceTree = BUILT_PRODUCTS_DIR; };
		2C4CA04923B47CDF00686949 /* AppDelegate.swift */ = {isa = PBXFileReference; lastKnownFileType = sourcecode.swift; path = AppDelegate.swift; sourceTree = "<group>"; };
		2C4CA04B23B47CDF00686949 /* SceneDelegate.swift */ = {isa = PBXFileReference; lastKnownFileType = sourcecode.swift; path = SceneDelegate.swift; sourceTree = "<group>"; };
		2C4CA04D23B47CDF00686949 /* ContentView.swift */ = {isa = PBXFileReference; lastKnownFileType = sourcecode.swift; path = ContentView.swift; sourceTree = "<group>"; };
		2C4CA04F23B47CE200686949 /* Assets.xcassets */ = {isa = PBXFileReference; lastKnownFileType = folder.assetcatalog; path = Assets.xcassets; sourceTree = "<group>"; };
		2C4CA05223B47CE200686949 /* Preview Assets.xcassets */ = {isa = PBXFileReference; lastKnownFileType = folder.assetcatalog; path = "Preview Assets.xcassets"; sourceTree = "<group>"; };
		2C4CA05523B47CE200686949 /* Base */ = {isa = PBXFileReference; lastKnownFileType = file.storyboard; name = Base; path = Base.lproj/LaunchScreen.storyboard; sourceTree = "<group>"; };
		2C4CA05723B47CE200686949 /* Info.plist */ = {isa = PBXFileReference; lastKnownFileType = text.plist.xml; path = Info.plist; sourceTree = "<group>"; };
		2C4CA05D23B47CFE00686949 /* Data.swift */ = {isa = PBXFileReference; lastKnownFileType = sourcecode.swift; path = Data.swift; sourceTree = "<group>"; };
		2C4CA05F23B4841300686949 /* books.json */ = {isa = PBXFileReference; lastKnownFileType = text.json; path = books.json; sourceTree = "<group>"; };
/* End PBXFileReference section */

/* Begin PBXFrameworksBuildPhase section */
		2C4CA04323B47CDF00686949 /* Frameworks */ = {
			isa = PBXFrameworksBuildPhase;
			buildActionMask = 2147483647;
			files = (
			);
			runOnlyForDeploymentPostprocessing = 0;
		};
/* End PBXFrameworksBuildPhase section */

/* Begin PBXGroup section */
		2C4CA03D23B47CDF00686949 = {
			isa = PBXGroup;
			children = (
				2C4CA04823B47CDF00686949 /* BookDBApp */,
				2C4CA04723B47CDF00686949 /* Products */,
			);
			sourceTree = "<group>";
		};
		2C4CA04723B47CDF00686949 /* Products */ = {
			isa = PBXGroup;
			children = (
				2C4CA04623B47CDF00686949 /* BookDBApp.app */,
			);
			name = Products;
			sourceTree = "<group>";
		};
		2C4CA04823B47CDF00686949 /* BookDBApp */ = {
			isa = PBXGroup;
			children = (
				2C4CA04923B47CDF00686949 /* AppDelegate.swift */,
				2C4CA04B23B47CDF00686949 /* SceneDelegate.swift */,
				2C4CA04D23B47CDF00686949 /* ContentView.swift */,
				2C4CA04F23B47CE200686949 /* Assets.xcassets */,
				2C4CA05423B47CE200686949 /* LaunchScreen.storyboard */,
				2C4CA05723B47CE200686949 /* Info.plist */,
				2C4CA05D23B47CFE00686949 /* Data.swift */,
				2C4CA05F23B4841300686949 /* books.json */,
				2C4CA05123B47CE200686949 /* Preview Content */,
			);
			path = BookDBApp;
			sourceTree = "<group>";
		};
		2C4CA05123B47CE200686949 /* Preview Content */ = {
			isa = PBXGroup;
			children = (
				2C4CA05223B47CE200686949 /* Preview Assets.xcassets */,
			);
			path = "Preview Content";
			sourceTree = "<group>";
		};
/* End PBXGroup section */

/* Begin PBXNativeTarget section */
		2C4CA04523B47CDF00686949 /* BookDBApp */ = {
			isa = PBXNativeTarget;
			buildConfigurationList = 2C4CA05A23B47CE200686949 /* Build configuration list for PBXNativeTarget "BookDBApp" */;
			buildPhases = (
				2C4CA04223B47CDF00686949 /* Sources */,
				2C4CA04323B47CDF00686949 /* Frameworks */,
				2C4CA04423B47CDF00686949 /* Resources */,
			);
			buildRules = (
			);
			dependencies = (
			);
			name = BookDBApp;
			productName = BookDBApp;
			productReference = 2C4CA04623B47CDF00686949 /* BookDBApp.app */;
			productType = "com.apple.product-type.application";
		};
/* End PBXNativeTarget section */

/* Begin PBXProject section */
		2C4CA03E23B47CDF00686949 /* Project object */ = {
			isa = PBXProject;
			attributes = {
				LastSwiftUpdateCheck = 1120;
				LastUpgradeCheck = 1120;
				ORGANIZATIONNAME = Guadoo;
				TargetAttributes = {
					2C4CA04523B47CDF00686949 = {
						CreatedOnToolsVersion = 11.2.1;
					};
				};
			};
			buildConfigurationList = 2C4CA04123B47CDF00686949 /* Build configuration list for PBXProject "BookDBApp" */;
			compatibilityVersion = "Xcode 9.3";
			developmentRegion = en;
			hasScannedForEncodings = 0;
			knownRegions = (
				en,
				Base,
			);
			mainGroup = 2C4CA03D23B47CDF00686949;
			productRefGroup = 2C4CA04723B47CDF00686949 /* Products */;
			projectDirPath = "";
			projectRoot = "";
			targets = (
				2C4CA04523B47CDF00686949 /* BookDBApp */,
			);
		};
/* End PBXProject section */

/* Begin PBXResourcesBuildPhase section */
		2C4CA04423B47CDF00686949 /* Resources */ = {
			isa = PBXResourcesBuildPhase;
			buildActionMask = 2147483647;
			files = (
				2C4CA06023B4841300686949 /* books.json in Resources */,
				2C4CA05623B47CE200686949 /* LaunchScreen.storyboard in Resources */,
				2C4CA05323B47CE200686949 /* Preview Assets.xcassets in Resources */,
				2C4CA05023B47CE200686949 /* Assets.xcassets in Resources */,
			);
			runOnlyForDeploymentPostprocessing = 0;
		};
/* End PBXResourcesBuildPhase section */

/* Begin PBXSourcesBuildPhase section */
		2C4CA04223B47CDF00686949 /* Sources */ = {
			isa = PBXSourcesBuildPhase;
			buildActionMask = 2147483647;
			files = (
				2C4CA04A23B47CDF00686949 /* AppDelegate.swift in Sources */,
				2C4CA05E23B47CFE00686949 /* Data.swift in Sources */,
				2C4CA04C23B47CDF00686949 /* SceneDelegate.swift in Sources */,
				2C4CA04E23B47CDF00686949 /* ContentView.swift in Sources */,
			);
			runOnlyForDeploymentPostprocessing = 0;
		};
/* End PBXSourcesBuildPhase section */

/* Begin PBXVariantGroup section */
		2C4CA05423B47CE200686949 /* LaunchScreen.storyboard */ = {
			isa = PBXVariantGroup;
			children = (
				2C4CA05523B47CE200686949 /* Base */,
			);
			name = LaunchScreen.storyboard;
			sourceTree = "<group>";
		};
/* End PBXVariantGroup section */

/* Begin XCBuildConfiguration section */
		2C4CA05823B47CE200686949 /* Debug */ = {
			isa = XCBuildConfiguration;
			buildSettings = {
				ALWAYS_SEARCH_USER_PATHS = NO;
				CLANG_ANALYZER_NONNULL = YES;
				CLANG_ANALYZER_NUMBER_OBJECT_CONVERSION = YES_AGGRESSIVE;
				CLANG_CXX_LANGUAGE_STANDARD = "gnu++14";
				CLANG_CXX_LIBRARY = "libc++";
				CLANG_ENABLE_MODULES = YES;
				CLANG_ENABLE_OBJC_ARC = YES;
				CLANG_ENABLE_OBJC_WEAK = YES;
				CLANG_WARN_BLOCK_CAPTURE_AUTORELEASING = YES;
				CLANG_WARN_BOOL_CONVERSION = YES;
				CLANG_WARN_COMMA = YES;
				CLANG_WARN_CONSTANT_CONVERSION = YES;
				CLANG_WARN_DEPRECATED_OBJC_IMPLEMENTATIONS = YES;
				CLANG_WARN_DIRECT_OBJC_ISA_USAGE = YES_ERROR;
				CLANG_WARN_DOCUMENTATION_COMMENTS = YES;
				CLANG_WARN_EMPTY_BODY = YES;
				CLANG_WARN_ENUM_CONVERSION = YES;
				CLANG_WARN_INFINITE_RECURSION = YES;
				CLANG_WARN_INT_CONVERSION = YES;
				CLANG_WARN_NON_LITERAL_NULL_CONVERSION = YES;
				CLANG_WARN_OBJC_IMPLICIT_RETAIN_SELF = YES;
				CLANG_WARN_OBJC_LITERAL_CONVERSION = YES;
				CLANG_WARN_OBJC_ROOT_CLASS = YES_ERROR;
				CLANG_WARN_RANGE_LOOP_ANALYSIS = YES;
				CLANG_WARN_STRICT_PROTOTYPES = YES;
				CLANG_WARN_SUSPICIOUS_MOVE = YES;
				CLANG_WARN_UNGUARDED_AVAILABILITY = YES_AGGRESSIVE;
				CLANG_WARN_UNREACHABLE_CODE = YES;
				CLANG_WARN__DUPLICATE_METHOD_MATCH = YES;
				COPY_PHASE_STRIP = NO;
				DEBUG_INFORMATION_FORMAT = dwarf;
				ENABLE_STRICT_OBJC_MSGSEND = YES;
				ENABLE_TESTABILITY = YES;
				GCC_C_LANGUAGE_STANDARD = gnu11;
				GCC_DYNAMIC_NO_PIC = NO;
				GCC_NO_COMMON_BLOCKS = YES;
				GCC_OPTIMIZATION_LEVEL = 0;
				GCC_PREPROCESSOR_DEFINITIONS = (
					"DEBUG=1",
					"$(inherited)",
				);
				GCC_WARN_64_TO_32_BIT_CONVERSION = YES;
				GCC_WARN_ABOUT_RETURN_TYPE = YES_ERROR;
				GCC_WARN_UNDECLARED_SELECTOR = YES;
				GCC_WARN_UNINITIALIZED_AUTOS = YES_AGGRESSIVE;
				GCC_WARN_UNUSED_FUNCTION = YES;
				GCC_WARN_UNUSED_VARIABLE = YES;
				IPHONEOS_DEPLOYMENT_TARGET = 13.2;
				MTL_ENABLE_DEBUG_INFO = INCLUDE_SOURCE;
				MTL_FAST_MATH = YES;
				ONLY_ACTIVE_ARCH = YES;
				SDKROOT = iphoneos;
				SWIFT_ACTIVE_COMPILATION_CONDITIONS = DEBUG;
				SWIFT_OPTIMIZATION_LEVEL = "-Onone";
			};
			name = Debug;
		};
		2C4CA05923B47CE200686949 /* Release */ = {
			isa = XCBuildConfiguration;
			buildSettings = {
				ALWAYS_SEARCH_USER_PATHS = NO;
				CLANG_ANALYZER_NONNULL = YES;
				CLANG_ANALYZER_NUMBER_OBJECT_CONVERSION = YES_AGGRESSIVE;
				CLANG_CXX_LANGUAGE_STANDARD = "gnu++14";
				CLANG_CXX_LIBRARY = "libc++";
				CLANG_ENABLE_MODULES = YES;
				CLANG_ENABLE_OBJC_ARC = YES;
				CLANG_ENABLE_OBJC_WEAK = YES;
				CLANG_WARN_BLOCK_CAPTURE_AUTORELEASING = YES;
				CLANG_WARN_BOOL_CONVERSION = YES;
				CLANG_WARN_COMMA = YES;
				CLANG_WARN_CONSTANT_CONVERSION = YES;
				CLANG_WARN_DEPRECATED_OBJC_IMPLEMENTATIONS = YES;
				CLANG_WARN_DIRECT_OBJC_ISA_USAGE = YES_ERROR;
				CLANG_WARN_DOCUMENTATION_COMMENTS = YES;
				CLANG_WARN_EMPTY_BODY = YES;
				CLANG_WARN_ENUM_CONVERSION = YES;
				CLANG_WARN_INFINITE_RECURSION = YES;
				CLANG_WARN_INT_CONVERSION = YES;
				CLANG_WARN_NON_LITERAL_NULL_CONVERSION = YES;
				CLANG_WARN_OBJC_IMPLICIT_RETAIN_SELF = YES;
				CLANG_WARN_OBJC_LITERAL_CONVERSION = YES;
				CLANG_WARN_OBJC_ROOT_CLASS = YES_ERROR;
				CLANG_WARN_RANGE_LOOP_ANALYSIS = YES;
				CLANG_WARN_STRICT_PROTOTYPES = YES;
				CLANG_WARN_SUSPICIOUS_MOVE = YES;
				CLANG_WARN_UNGUARDED_AVAILABILITY = YES_AGGRESSIVE;
				CLANG_WARN_UNREACHABLE_CODE = YES;
				CLANG_WARN__DUPLICATE_METHOD_MATCH = YES;
				COPY_PHASE_STRIP = NO;
				DEBUG_INFORMATION_FORMAT = "dwarf-with-dsym";
				ENABLE_NS_ASSERTIONS = NO;
				ENABLE_STRICT_OBJC_MSGSEND = YES;
				GCC_C_LANGUAGE_STANDARD = gnu11;
				GCC_NO_COMMON_BLOCKS = YES;
				GCC_WARN_64_TO_32_BIT_CONVERSION = YES;
				GCC_WARN_ABOUT_RETURN_TYPE = YES_ERROR;
				GCC_WARN_UNDECLARED_SELECTOR = YES;
				GCC_WARN_UNINITIALIZED_AUTOS = YES_AGGRESSIVE;
				GCC_WARN_UNUSED_FUNCTION = YES;
				GCC_WARN_UNUSED_VARIABLE = YES;
				IPHONEOS_DEPLOYMENT_TARGET = 13.2;
				MTL_ENABLE_DEBUG_INFO = NO;
				MTL_FAST_MATH = YES;
				SDKROOT = iphoneos;
				SWIFT_COMPILATION_MODE = wholemodule;
				SWIFT_OPTIMIZATION_LEVEL = "-O";
				VALIDATE_PRODUCT = YES;
			};
			name = Release;
		};
		2C4CA05B23B47CE200686949 /* Debug */ = {
			isa = XCBuildConfiguration;
			buildSettings = {
				ASSETCATALOG_COMPILER_APPICON_NAME = AppIcon;
				CODE_SIGN_STYLE = Automatic;
				DEVELOPMENT_ASSET_PATHS = "\"BookDBApp/Preview Content\"";
				DEVELOPMENT_TEAM = E56ATFSAWD;
				ENABLE_PREVIEWS = YES;
				INFOPLIST_FILE = BookDBApp/Info.plist;
				LD_RUNPATH_SEARCH_PATHS = (
					"$(inherited)",
					"@executable_path/Frameworks",
				);
				PRODUCT_BUNDLE_IDENTIFIER = guadoo.BookDBApp;
				PRODUCT_NAME = "$(TARGET_NAME)";
				SWIFT_VERSION = 5.0;
				TARGETED_DEVICE_FAMILY = "1,2";
			};
			name = Debug;
		};
		2C4CA05C23B47CE200686949 /* Release */ = {
			isa = XCBuildConfiguration;
			buildSettings = {
				ASSETCATALOG_COMPILER_APPICON_NAME = AppIcon;
				CODE_SIGN_STYLE = Automatic;
				DEVELOPMENT_ASSET_PATHS = "\"BookDBApp/Preview Content\"";
				DEVELOPMENT_TEAM = E56ATFSAWD;
				ENABLE_PREVIEWS = YES;
				INFOPLIST_FILE = BookDBApp/Info.plist;
				LD_RUNPATH_SEARCH_PATHS = (
					"$(inherited)",
					"@executable_path/Frameworks",
				);
				PRODUCT_BUNDLE_IDENTIFIER = guadoo.BookDBApp;
				PRODUCT_NAME = "$(TARGET_NAME)";
				SWIFT_VERSION = 5.0;
				TARGETED_DEVICE_FAMILY = "1,2";
			};
			name = Release;
		};
/* End XCBuildConfiguration section */

/* Begin XCConfigurationList section */
		2C4CA04123B47CDF00686949 /* Build configuration list for PBXProject "BookDBApp" */ = {
			isa = XCConfigurationList;
			buildConfigurations = (
				2C4CA05823B47CE200686949 /* Debug */,
				2C4CA05923B47CE200686949 /* Release */,
			);
			defaultConfigurationIsVisible = 0;
			defaultConfigurationName = Release;
		};
		2C4CA05A23B47CE200686949 /* Build configuration list for PBXNativeTarget "BookDBApp" */ = {
			isa = XCConfigurationList;
			buildConfigurations = (
				2C4CA05B23B47CE200686949 /* Debug */,
				2C4CA05C23B47CE200686949 /* Release */,
			);
			defaultConfigurationIsVisible = 0;
			defaultConfigurationName = Release;
		};
/* End XCConfigurationList section */
	};
	rootObject = 2C4CA03E23B47CDF00686949 /* Project object */;
}
